// !$*UTF8*$!
{
	archiveVersion = 1;
	classes = {
	};
	objectVersion = 48;
	objects = {

/* Begin PBXBuildFile section */
		D234CC11208CDE1E00BDC53F /* Whalify.framework in Frameworks */ = {isa = PBXBuildFile; fileRef = D234CC07208CDE1E00BDC53F /* Whalify.framework */; };
		D234CC16208CDE1E00BDC53F /* WhalifyTests.swift in Sources */ = {isa = PBXBuildFile; fileRef = D234CC15208CDE1E00BDC53F /* WhalifyTests.swift */; };
		D234CC18208CDE1E00BDC53F /* Whalify.h in Headers */ = {isa = PBXBuildFile; fileRef = D234CC0A208CDE1E00BDC53F /* Whalify.h */; settings = {ATTRIBUTES = (Public, ); }; };
		D234CC22208CDE4B00BDC53F /* SoundConversion.swift in Sources */ = {isa = PBXBuildFile; fileRef = D234CC21208CDE4B00BDC53F /* SoundConversion.swift */; };
/* End PBXBuildFile section */

/* Begin PBXContainerItemProxy section */
		D234CC12208CDE1E00BDC53F /* PBXContainerItemProxy */ = {
			isa = PBXContainerItemProxy;
			containerPortal = D234CBFE208CDE1E00BDC53F /* Project object */;
			proxyType = 1;
			remoteGlobalIDString = D234CC06208CDE1E00BDC53F;
			remoteInfo = Whalify;
		};
/* End PBXContainerItemProxy section */

/* Begin PBXFileReference section */
		D234CC07208CDE1E00BDC53F /* Whalify.framework */ = {isa = PBXFileReference; explicitFileType = wrapper.framework; includeInIndex = 0; path = Whalify.framework; sourceTree = BUILT_PRODUCTS_DIR; };
		D234CC0A208CDE1E00BDC53F /* Whalify.h */ = {isa = PBXFileReference; lastKnownFileType = sourcecode.c.h; path = Whalify.h; sourceTree = "<group>"; };
		D234CC0B208CDE1E00BDC53F /* Info.plist */ = {isa = PBXFileReference; lastKnownFileType = text.plist.xml; path = Info.plist; sourceTree = "<group>"; };
		D234CC10208CDE1E00BDC53F /* WhalifyTests.xctest */ = {isa = PBXFileReference; explicitFileType = wrapper.cfbundle; includeInIndex = 0; path = WhalifyTests.xctest; sourceTree = BUILT_PRODUCTS_DIR; };
		D234CC15208CDE1E00BDC53F /* WhalifyTests.swift */ = {isa = PBXFileReference; lastKnownFileType = sourcecode.swift; path = WhalifyTests.swift; sourceTree = "<group>"; };
		D234CC17208CDE1E00BDC53F /* Info.plist */ = {isa = PBXFileReference; lastKnownFileType = text.plist.xml; path = Info.plist; sourceTree = "<group>"; };
		D234CC21208CDE4B00BDC53F /* SoundConversion.swift */ = {isa = PBXFileReference; lastKnownFileType = sourcecode.swift; path = SoundConversion.swift; sourceTree = "<group>"; };
/* End PBXFileReference section */

/* Begin PBXFrameworksBuildPhase section */
		D234CC03208CDE1E00BDC53F /* Frameworks */ = {
			isa = PBXFrameworksBuildPhase;
			buildActionMask = 2147483647;
			files = (
			);
			runOnlyForDeploymentPostprocessing = 0;
		};
		D234CC0D208CDE1E00BDC53F /* Frameworks */ = {
			isa = PBXFrameworksBuildPhase;
			buildActionMask = 2147483647;
			files = (
				D234CC11208CDE1E00BDC53F /* Whalify.framework in Frameworks */,
			);
			runOnlyForDeploymentPostprocessing = 0;
		};
/* End PBXFrameworksBuildPhase section */

/* Begin PBXGroup section */
		D234CBFD208CDE1E00BDC53F = {
			isa = PBXGroup;
			children = (
				D234CC09208CDE1E00BDC53F /* Whalify */,
				D234CC14208CDE1E00BDC53F /* WhalifyTests */,
				D234CC08208CDE1E00BDC53F /* Products */,
			);
			sourceTree = "<group>";
		};
		D234CC08208CDE1E00BDC53F /* Products */ = {
			isa = PBXGroup;
			children = (
				D234CC07208CDE1E00BDC53F /* Whalify.framework */,
				D234CC10208CDE1E00BDC53F /* WhalifyTests.xctest */,
			);
			name = Products;
			sourceTree = "<group>";
		};
		D234CC09208CDE1E00BDC53F /* Whalify */ = {
			isa = PBXGroup;
			children = (
				D234CC0A208CDE1E00BDC53F /* Whalify.h */,
				D234CC0B208CDE1E00BDC53F /* Info.plist */,
				D234CC21208CDE4B00BDC53F /* SoundConversion.swift */,
			);
			path = Whalify;
			sourceTree = "<group>";
		};
		D234CC14208CDE1E00BDC53F /* WhalifyTests */ = {
			isa = PBXGroup;
			children = (
				D234CC15208CDE1E00BDC53F /* WhalifyTests.swift */,
				D234CC17208CDE1E00BDC53F /* Info.plist */,
			);
			path = WhalifyTests;
			sourceTree = "<group>";
		};
/* End PBXGroup section */

/* Begin PBXHeadersBuildPhase section */
		D234CC04208CDE1E00BDC53F /* Headers */ = {
			isa = PBXHeadersBuildPhase;
			buildActionMask = 2147483647;
			files = (
				D234CC18208CDE1E00BDC53F /* Whalify.h in Headers */,
			);
			runOnlyForDeploymentPostprocessing = 0;
		};
/* End PBXHeadersBuildPhase section */

/* Begin PBXNativeTarget section */
		D234CC06208CDE1E00BDC53F /* Whalify */ = {
			isa = PBXNativeTarget;
			buildConfigurationList = D234CC1B208CDE1E00BDC53F /* Build configuration list for PBXNativeTarget "Whalify" */;
			buildPhases = (
				D234CC02208CDE1E00BDC53F /* Sources */,
				D234CC03208CDE1E00BDC53F /* Frameworks */,
				D234CC04208CDE1E00BDC53F /* Headers */,
				D234CC05208CDE1E00BDC53F /* Resources */,
			);
			buildRules = (
			);
			dependencies = (
			);
			name = Whalify;
			productName = Whalify;
			productReference = D234CC07208CDE1E00BDC53F /* Whalify.framework */;
			productType = "com.apple.product-type.framework";
		};
		D234CC0F208CDE1E00BDC53F /* WhalifyTests */ = {
			isa = PBXNativeTarget;
			buildConfigurationList = D234CC1E208CDE1E00BDC53F /* Build configuration list for PBXNativeTarget "WhalifyTests" */;
			buildPhases = (
				D234CC0C208CDE1E00BDC53F /* Sources */,
				D234CC0D208CDE1E00BDC53F /* Frameworks */,
				D234CC0E208CDE1E00BDC53F /* Resources */,
			);
			buildRules = (
			);
			dependencies = (
				D234CC13208CDE1E00BDC53F /* PBXTargetDependency */,
			);
			name = WhalifyTests;
			productName = WhalifyTests;
			productReference = D234CC10208CDE1E00BDC53F /* WhalifyTests.xctest */;
			productType = "com.apple.product-type.bundle.unit-test";
		};
/* End PBXNativeTarget section */

/* Begin PBXProject section */
		D234CBFE208CDE1E00BDC53F /* Project object */ = {
			isa = PBXProject;
			attributes = {
				LastSwiftUpdateCheck = 0920;
				LastUpgradeCheck = 0920;
				ORGANIZATIONNAME = "James VanBeverhoudt";
				TargetAttributes = {
					D234CC06208CDE1E00BDC53F = {
						CreatedOnToolsVersion = 9.2;
						LastSwiftMigration = 0920;
						ProvisioningStyle = Automatic;
					};
					D234CC0F208CDE1E00BDC53F = {
						CreatedOnToolsVersion = 9.2;
						ProvisioningStyle = Automatic;
					};
				};
			};
			buildConfigurationList = D234CC01208CDE1E00BDC53F /* Build configuration list for PBXProject "Whalify" */;
			compatibilityVersion = "Xcode 8.0";
			developmentRegion = en;
			hasScannedForEncodings = 0;
			knownRegions = (
				en,
			);
			mainGroup = D234CBFD208CDE1E00BDC53F;
			productRefGroup = D234CC08208CDE1E00BDC53F /* Products */;
			projectDirPath = "";
			projectRoot = "";
			targets = (
				D234CC06208CDE1E00BDC53F /* Whalify */,
				D234CC0F208CDE1E00BDC53F /* WhalifyTests */,
			);
		};
/* End PBXProject section */

/* Begin PBXResourcesBuildPhase section */
		D234CC05208CDE1E00BDC53F /* Resources */ = {
			isa = PBXResourcesBuildPhase;
			buildActionMask = 2147483647;
			files = (
			);
			runOnlyForDeploymentPostprocessing = 0;
		};
		D234CC0E208CDE1E00BDC53F /* Resources */ = {
			isa = PBXResourcesBuildPhase;
			buildActionMask = 2147483647;
			files = (
			);
			runOnlyForDeploymentPostprocessing = 0;
		};
/* End PBXResourcesBuildPhase section */

/* Begin PBXSourcesBuildPhase section */
		D234CC02208CDE1E00BDC53F /* Sources */ = {
			isa = PBXSourcesBuildPhase;
			buildActionMask = 2147483647;
			files = (
				D234CC22208CDE4B00BDC53F /* SoundConversion.swift in Sources */,
			);
			runOnlyForDeploymentPostprocessing = 0;
		};
		D234CC0C208CDE1E00BDC53F /* Sources */ = {
			isa = PBXSourcesBuildPhase;
			buildActionMask = 2147483647;
			files = (
				D234CC16208CDE1E00BDC53F /* WhalifyTests.swift in Sources */,
			);
			runOnlyForDeploymentPostprocessing = 0;
		};
/* End PBXSourcesBuildPhase section */

/* Begin PBXTargetDependency section */
		D234CC13208CDE1E00BDC53F /* PBXTargetDependency */ = {
			isa = PBXTargetDependency;
			target = D234CC06208CDE1E00BDC53F /* Whalify */;
			targetProxy = D234CC12208CDE1E00BDC53F /* PBXContainerItemProxy */;
		};
/* End PBXTargetDependency section */

/* Begin XCBuildConfiguration section */
		D234CC19208CDE1E00BDC53F /* Debug */ = {
			isa = XCBuildConfiguration;
			buildSettings = {
				ALWAYS_SEARCH_USER_PATHS = NO;
				CLANG_ANALYZER_NONNULL = YES;
				CLANG_ANALYZER_NUMBER_OBJECT_CONVERSION = YES_AGGRESSIVE;
				CLANG_CXX_LANGUAGE_STANDARD = "gnu++14";
				CLANG_CXX_LIBRARY = "libc++";
				CLANG_ENABLE_MODULES = YES;
				CLANG_ENABLE_OBJC_ARC = YES;
				CLANG_WARN_BLOCK_CAPTURE_AUTORELEASING = YES;
				CLANG_WARN_BOOL_CONVERSION = YES;
				CLANG_WARN_COMMA = YES;
				CLANG_WARN_CONSTANT_CONVERSION = YES;
				CLANG_WARN_DIRECT_OBJC_ISA_USAGE = YES_ERROR;
				CLANG_WARN_DOCUMENTATION_COMMENTS = YES;
				CLANG_WARN_EMPTY_BODY = YES;
				CLANG_WARN_ENUM_CONVERSION = YES;
				CLANG_WARN_INFINITE_RECURSION = YES;
				CLANG_WARN_INT_CONVERSION = YES;
				CLANG_WARN_NON_LITERAL_NULL_CONVERSION = YES;
				CLANG_WARN_OBJC_LITERAL_CONVERSION = YES;
				CLANG_WARN_OBJC_ROOT_CLASS = YES_ERROR;
				CLANG_WARN_RANGE_LOOP_ANALYSIS = YES;
				CLANG_WARN_STRICT_PROTOTYPES = YES;
				CLANG_WARN_SUSPICIOUS_MOVE = YES;
				CLANG_WARN_UNGUARDED_AVAILABILITY = YES_AGGRESSIVE;
				CLANG_WARN_UNREACHABLE_CODE = YES;
				CLANG_WARN__DUPLICATE_METHOD_MATCH = YES;
				CODE_SIGN_IDENTITY = "iPhone Developer";
				COPY_PHASE_STRIP = NO;
				CURRENT_PROJECT_VERSION = 1;
				DEBUG_INFORMATION_FORMAT = dwarf;
				ENABLE_STRICT_OBJC_MSGSEND = YES;
				ENABLE_TESTABILITY = YES;
				GCC_C_LANGUAGE_STANDARD = gnu11;
				GCC_DYNAMIC_NO_PIC = NO;
				GCC_NO_COMMON_BLOCKS = YES;
				GCC_OPTIMIZATION_LEVEL = 0;
				GCC_PREPROCESSOR_DEFINITIONS = (
					"DEBUG=1",
					"$(inherited)",
				);
				GCC_WARN_64_TO_32_BIT_CONVERSION = YES;
				GCC_WARN_ABOUT_RETURN_TYPE = YES_ERROR;
				GCC_WARN_UNDECLARED_SELECTOR = YES;
				GCC_WARN_UNINITIALIZED_AUTOS = YES_AGGRESSIVE;
				GCC_WARN_UNUSED_FUNCTION = YES;
				GCC_WARN_UNUSED_VARIABLE = YES;
				IPHONEOS_DEPLOYMENT_TARGET = 11.2;
				MTL_ENABLE_DEBUG_INFO = YES;
				ONLY_ACTIVE_ARCH = YES;
				SDKROOT = iphoneos;
				SWIFT_ACTIVE_COMPILATION_CONDITIONS = DEBUG;
				SWIFT_OPTIMIZATION_LEVEL = "-Onone";
				VERSIONING_SYSTEM = "apple-generic";
				VERSION_INFO_PREFIX = "";
			};
			name = Debug;
		};
		D234CC1A208CDE1E00BDC53F /* Release */ = {
			isa = XCBuildConfiguration;
			buildSettings = {
				ALWAYS_SEARCH_USER_PATHS = NO;
				CLANG_ANALYZER_NONNULL = YES;
				CLANG_ANALYZER_NUMBER_OBJECT_CONVERSION = YES_AGGRESSIVE;
				CLANG_CXX_LANGUAGE_STANDARD = "gnu++14";
				CLANG_CXX_LIBRARY = "libc++";
				CLANG_ENABLE_MODULES = YES;
				CLANG_ENABLE_OBJC_ARC = YES;
				CLANG_WARN_BLOCK_CAPTURE_AUTORELEASING = YES;
				CLANG_WARN_BOOL_CONVERSION = YES;
				CLANG_WARN_COMMA = YES;
				CLANG_WARN_CONSTANT_CONVERSION = YES;
				CLANG_WARN_DIRECT_OBJC_ISA_USAGE = YES_ERROR;
				CLANG_WARN_DOCUMENTATION_COMMENTS = YES;
				CLANG_WARN_EMPTY_BODY = YES;
				CLANG_WARN_ENUM_CONVERSION = YES;
				CLANG_WARN_INFINITE_RECURSION = YES;
				CLANG_WARN_INT_CONVERSION = YES;
				CLANG_WARN_NON_LITERAL_NULL_CONVERSION = YES;
				CLANG_WARN_OBJC_LITERAL_CONVERSION = YES;
				CLANG_WARN_OBJC_ROOT_CLASS = YES_ERROR;
				CLANG_WARN_RANGE_LOOP_ANALYSIS = YES;
				CLANG_WARN_STRICT_PROTOTYPES = YES;
				CLANG_WARN_SUSPICIOUS_MOVE = YES;
				CLANG_WARN_UNGUARDED_AVAILABILITY = YES_AGGRESSIVE;
				CLANG_WARN_UNREACHABLE_CODE = YES;
				CLANG_WARN__DUPLICATE_METHOD_MATCH = YES;
				CODE_SIGN_IDENTITY = "iPhone Developer";
				COPY_PHASE_STRIP = NO;
				CURRENT_PROJECT_VERSION = 1;
				DEBUG_INFORMATION_FORMAT = "dwarf-with-dsym";
				ENABLE_NS_ASSERTIONS = NO;
				ENABLE_STRICT_OBJC_MSGSEND = YES;
				GCC_C_LANGUAGE_STANDARD = gnu11;
				GCC_NO_COMMON_BLOCKS = YES;
				GCC_WARN_64_TO_32_BIT_CONVERSION = YES;
				GCC_WARN_ABOUT_RETURN_TYPE = YES_ERROR;
				GCC_WARN_UNDECLARED_SELECTOR = YES;
				GCC_WARN_UNINITIALIZED_AUTOS = YES_AGGRESSIVE;
				GCC_WARN_UNUSED_FUNCTION = YES;
				GCC_WARN_UNUSED_VARIABLE = YES;
				IPHONEOS_DEPLOYMENT_TARGET = 11.2;
				MTL_ENABLE_DEBUG_INFO = NO;
				SDKROOT = iphoneos;
				SWIFT_OPTIMIZATION_LEVEL = "-Owholemodule";
				VALIDATE_PRODUCT = YES;
				VERSIONING_SYSTEM = "apple-generic";
				VERSION_INFO_PREFIX = "";
			};
			name = Release;
		};
		D234CC1C208CDE1E00BDC53F /* Debug */ = {
			isa = XCBuildConfiguration;
			buildSettings = {
				CLANG_ENABLE_MODULES = YES;
				CODE_SIGN_IDENTITY = "";
				CODE_SIGN_STYLE = Automatic;
				DEFINES_MODULE = YES;
				DEVELOPMENT_TEAM = 4GY5S75A66;
				DYLIB_COMPATIBILITY_VERSION = 1;
				DYLIB_CURRENT_VERSION = 1;
				DYLIB_INSTALL_NAME_BASE = "@rpath";
				INFOPLIST_FILE = Whalify/Info.plist;
				INSTALL_PATH = "$(LOCAL_LIBRARY_DIR)/Frameworks";
				LD_RUNPATH_SEARCH_PATHS = "$(inherited) @executable_path/Frameworks @loader_path/Frameworks";
				PRODUCT_BUNDLE_IDENTIFIER = com.bevtech.Whalify;
				PRODUCT_NAME = "$(TARGET_NAME:c99extidentifier)";
				SKIP_INSTALL = YES;
				SWIFT_OPTIMIZATION_LEVEL = "-Onone";
				SWIFT_VERSION = 4.0;
				TARGETED_DEVICE_FAMILY = "1,2";
			};
			name = Debug;
		};
		D234CC1D208CDE1E00BDC53F /* Release */ = {
			isa = XCBuildConfiguration;
			buildSettings = {
				CLANG_ENABLE_MODULES = YES;
				CODE_SIGN_IDENTITY = "";
				CODE_SIGN_STYLE = Automatic;
				DEFINES_MODULE = YES;
				DEVELOPMENT_TEAM = 4GY5S75A66;
				DYLIB_COMPATIBILITY_VERSION = 1;
				DYLIB_CURRENT_VERSION = 1;
				DYLIB_INSTALL_NAME_BASE = "@rpath";
				INFOPLIST_FILE = Whalify/Info.plist;
				INSTALL_PATH = "$(LOCAL_LIBRARY_DIR)/Frameworks";
				LD_RUNPATH_SEARCH_PATHS = "$(inherited) @executable_path/Frameworks @loader_path/Frameworks";
				PRODUCT_BUNDLE_IDENTIFIER = com.bevtech.Whalify;
				PRODUCT_NAME = "$(TARGET_NAME:c99extidentifier)";
				SKIP_INSTALL = YES;
				SWIFT_VERSION = 4.0;
				TARGETED_DEVICE_FAMILY = "1,2";
			};
			name = Release;
		};
		D234CC1F208CDE1E00BDC53F /* Debug */ = {
			isa = XCBuildConfiguration;
			buildSettings = {
				ALWAYS_EMBED_SWIFT_STANDARD_LIBRARIES = YES;
				CODE_SIGN_STYLE = Automatic;
				DEVELOPMENT_TEAM = 4GY5S75A66;
				INFOPLIST_FILE = WhalifyTests/Info.plist;
				LD_RUNPATH_SEARCH_PATHS = "$(inherited) @executable_path/Frameworks @loader_path/Frameworks";
				PRODUCT_BUNDLE_IDENTIFIER = com.bevtech.WhalifyTests;
				PRODUCT_NAME = "$(TARGET_NAME)";
				SWIFT_VERSION = 4.0;
				TARGETED_DEVICE_FAMILY = "1,2";
			};
			name = Debug;
		};
		D234CC20208CDE1E00BDC53F /* Release */ = {
			isa = XCBuildConfiguration;
			buildSettings = {
				ALWAYS_EMBED_SWIFT_STANDARD_LIBRARIES = YES;
				CODE_SIGN_STYLE = Automatic;
				DEVELOPMENT_TEAM = 4GY5S75A66;
				INFOPLIST_FILE = WhalifyTests/Info.plist;
				LD_RUNPATH_SEARCH_PATHS = "$(inherited) @executable_path/Frameworks @loader_path/Frameworks";
				PRODUCT_BUNDLE_IDENTIFIER = com.bevtech.WhalifyTests;
				PRODUCT_NAME = "$(TARGET_NAME)";
				SWIFT_VERSION = 4.0;
				TARGETED_DEVICE_FAMILY = "1,2";
			};
			name = Release;
		};
/* End XCBuildConfiguration section */

/* Begin XCConfigurationList section */
		D234CC01208CDE1E00BDC53F /* Build configuration list for PBXProject "Whalify" */ = {
			isa = XCConfigurationList;
			buildConfigurations = (
				D234CC19208CDE1E00BDC53F /* Debug */,
				D234CC1A208CDE1E00BDC53F /* Release */,
			);
			defaultConfigurationIsVisible = 0;
			defaultConfigurationName = Release;
		};
		D234CC1B208CDE1E00BDC53F /* Build configuration list for PBXNativeTarget "Whalify" */ = {
			isa = XCConfigurationList;
			buildConfigurations = (
				D234CC1C208CDE1E00BDC53F /* Debug */,
				D234CC1D208CDE1E00BDC53F /* Release */,
			);
			defaultConfigurationIsVisible = 0;
			defaultConfigurationName = Release;
		};
		D234CC1E208CDE1E00BDC53F /* Build configuration list for PBXNativeTarget "WhalifyTests" */ = {
			isa = XCConfigurationList;
			buildConfigurations = (
				D234CC1F208CDE1E00BDC53F /* Debug */,
				D234CC20208CDE1E00BDC53F /* Release */,
			);
			defaultConfigurationIsVisible = 0;
			defaultConfigurationName = Release;
		};
/* End XCConfigurationList section */
	};
	rootObject = D234CBFE208CDE1E00BDC53F /* Project object */;
}
